// !$*UTF8*$!
{
	archiveVersion = 1;
	classes = {
	};
	objectVersion = 51;
	objects = {

/* Begin PBXBuildFile section */
		2251095224AB4BA300057BBC /* AppDelegate.m in Sources */ = {isa = PBXBuildFile; fileRef = 2251095124AB4BA300057BBC /* AppDelegate.m */; };
		2251095D24AB4BA400057BBC /* Assets.xcassets in Resources */ = {isa = PBXBuildFile; fileRef = 2251095C24AB4BA400057BBC /* Assets.xcassets */; };
		2251096024AB4BA400057BBC /* LaunchScreen.storyboard in Resources */ = {isa = PBXBuildFile; fileRef = 2251095E24AB4BA400057BBC /* LaunchScreen.storyboard */; };
		2251096324AB4BA400057BBC /* main.m in Sources */ = {isa = PBXBuildFile; fileRef = 2251096224AB4BA400057BBC /* main.m */; };
		22AA78E724AB54FF0093C2EF /* tab_search_animate.json in Resources */ = {isa = PBXBuildFile; fileRef = 22AA78E324AB54FE0093C2EF /* tab_search_animate.json */; };
		22AA78E824AB54FF0093C2EF /* tab_home_animate.json in Resources */ = {isa = PBXBuildFile; fileRef = 22AA78E424AB54FF0093C2EF /* tab_home_animate.json */; };
		22AA78E924AB54FF0093C2EF /* tab_me_animate.json in Resources */ = {isa = PBXBuildFile; fileRef = 22AA78E524AB54FF0093C2EF /* tab_me_animate.json */; };
		22AA78EA24AB54FF0093C2EF /* tab_message_animate.json in Resources */ = {isa = PBXBuildFile; fileRef = 22AA78E624AB54FF0093C2EF /* tab_message_animate.json */; };
		22AA78F124AB96180093C2EF /* HQLMainViewController.m in Sources */ = {isa = PBXBuildFile; fileRef = 22AA78F024AB96180093C2EF /* HQLMainViewController.m */; };
		22AA78F424AB96230093C2EF /* HQLSearchViewController.m in Sources */ = {isa = PBXBuildFile; fileRef = 22AA78F324AB96230093C2EF /* HQLSearchViewController.m */; };
		22AA78F724AB962D0093C2EF /* HQLMessageViewController.m in Sources */ = {isa = PBXBuildFile; fileRef = 22AA78F624AB962D0093C2EF /* HQLMessageViewController.m */; };
		22AA78FA24AB963B0093C2EF /* HQLMineViewController.m in Sources */ = {isa = PBXBuildFile; fileRef = 22AA78F924AB963B0093C2EF /* HQLMineViewController.m */; };
		22AA790024ABA8080093C2EF /* AppDelegate+CYLTabBar.m in Sources */ = {isa = PBXBuildFile; fileRef = 22AA78FF24ABA8080093C2EF /* AppDelegate+CYLTabBar.m */; };
		74AC0E5959196440568CFFC8 /* libPods-ShoppingCartDemo.a in Frameworks */ = {isa = PBXBuildFile; fileRef = 7E5B78E3CCE6B298FC1C21AB /* libPods-ShoppingCartDemo.a */; };
/* End PBXBuildFile section */

/* Begin PBXFileReference section */
		2251094D24AB4BA300057BBC /* ShoppingCartDemo.app */ = {isa = PBXFileReference; explicitFileType = wrapper.application; includeInIndex = 0; path = ShoppingCartDemo.app; sourceTree = BUILT_PRODUCTS_DIR; };
		2251095024AB4BA300057BBC /* AppDelegate.h */ = {isa = PBXFileReference; lastKnownFileType = sourcecode.c.h; path = AppDelegate.h; sourceTree = "<group>"; };
		2251095124AB4BA300057BBC /* AppDelegate.m */ = {isa = PBXFileReference; lastKnownFileType = sourcecode.c.objc; path = AppDelegate.m; sourceTree = "<group>"; };
		2251095C24AB4BA400057BBC /* Assets.xcassets */ = {isa = PBXFileReference; lastKnownFileType = folder.assetcatalog; path = Assets.xcassets; sourceTree = "<group>"; };
		2251095F24AB4BA400057BBC /* Base */ = {isa = PBXFileReference; lastKnownFileType = file.storyboard; name = Base; path = Base.lproj/LaunchScreen.storyboard; sourceTree = "<group>"; };
		2251096124AB4BA400057BBC /* Info.plist */ = {isa = PBXFileReference; lastKnownFileType = text.plist.xml; path = Info.plist; sourceTree = "<group>"; };
		2251096224AB4BA400057BBC /* main.m */ = {isa = PBXFileReference; lastKnownFileType = sourcecode.c.objc; path = main.m; sourceTree = "<group>"; };
		22AA78E324AB54FE0093C2EF /* tab_search_animate.json */ = {isa = PBXFileReference; fileEncoding = 4; lastKnownFileType = text.json; path = tab_search_animate.json; sourceTree = "<group>"; };
		22AA78E424AB54FF0093C2EF /* tab_home_animate.json */ = {isa = PBXFileReference; fileEncoding = 4; lastKnownFileType = text.json; path = tab_home_animate.json; sourceTree = "<group>"; };
		22AA78E524AB54FF0093C2EF /* tab_me_animate.json */ = {isa = PBXFileReference; fileEncoding = 4; lastKnownFileType = text.json; path = tab_me_animate.json; sourceTree = "<group>"; };
		22AA78E624AB54FF0093C2EF /* tab_message_animate.json */ = {isa = PBXFileReference; fileEncoding = 4; lastKnownFileType = text.json; path = tab_message_animate.json; sourceTree = "<group>"; };
		22AA78EF24AB96180093C2EF /* HQLMainViewController.h */ = {isa = PBXFileReference; lastKnownFileType = sourcecode.c.h; path = HQLMainViewController.h; sourceTree = "<group>"; };
		22AA78F024AB96180093C2EF /* HQLMainViewController.m */ = {isa = PBXFileReference; lastKnownFileType = sourcecode.c.objc; path = HQLMainViewController.m; sourceTree = "<group>"; };
		22AA78F224AB96230093C2EF /* HQLSearchViewController.h */ = {isa = PBXFileReference; lastKnownFileType = sourcecode.c.h; path = HQLSearchViewController.h; sourceTree = "<group>"; };
		22AA78F324AB96230093C2EF /* HQLSearchViewController.m */ = {isa = PBXFileReference; lastKnownFileType = sourcecode.c.objc; path = HQLSearchViewController.m; sourceTree = "<group>"; };
		22AA78F524AB962D0093C2EF /* HQLMessageViewController.h */ = {isa = PBXFileReference; lastKnownFileType = sourcecode.c.h; path = HQLMessageViewController.h; sourceTree = "<group>"; };
		22AA78F624AB962D0093C2EF /* HQLMessageViewController.m */ = {isa = PBXFileReference; lastKnownFileType = sourcecode.c.objc; path = HQLMessageViewController.m; sourceTree = "<group>"; };
		22AA78F824AB963B0093C2EF /* HQLMineViewController.h */ = {isa = PBXFileReference; lastKnownFileType = sourcecode.c.h; path = HQLMineViewController.h; sourceTree = "<group>"; };
		22AA78F924AB963B0093C2EF /* HQLMineViewController.m */ = {isa = PBXFileReference; lastKnownFileType = sourcecode.c.objc; path = HQLMineViewController.m; sourceTree = "<group>"; };
		22AA78FE24ABA8080093C2EF /* AppDelegate+CYLTabBar.h */ = {isa = PBXFileReference; lastKnownFileType = sourcecode.c.h; path = "AppDelegate+CYLTabBar.h"; sourceTree = "<group>"; };
		22AA78FF24ABA8080093C2EF /* AppDelegate+CYLTabBar.m */ = {isa = PBXFileReference; lastKnownFileType = sourcecode.c.objc; path = "AppDelegate+CYLTabBar.m"; sourceTree = "<group>"; };
		300948BA570DDA5D679D6269 /* Pods-ShoppingCartDemo.release.xcconfig */ = {isa = PBXFileReference; includeInIndex = 1; lastKnownFileType = text.xcconfig; name = "Pods-ShoppingCartDemo.release.xcconfig"; path = "Target Support Files/Pods-ShoppingCartDemo/Pods-ShoppingCartDemo.release.xcconfig"; sourceTree = "<group>"; };
		7E5B78E3CCE6B298FC1C21AB /* libPods-ShoppingCartDemo.a */ = {isa = PBXFileReference; explicitFileType = archive.ar; includeInIndex = 0; path = "libPods-ShoppingCartDemo.a"; sourceTree = BUILT_PRODUCTS_DIR; };
		F410CA26FC2A4B11077CE158 /* Pods-ShoppingCartDemo.debug.xcconfig */ = {isa = PBXFileReference; includeInIndex = 1; lastKnownFileType = text.xcconfig; name = "Pods-ShoppingCartDemo.debug.xcconfig"; path = "Target Support Files/Pods-ShoppingCartDemo/Pods-ShoppingCartDemo.debug.xcconfig"; sourceTree = "<group>"; };
/* End PBXFileReference section */

/* Begin PBXFrameworksBuildPhase section */
		2251094A24AB4BA300057BBC /* Frameworks */ = {
			isa = PBXFrameworksBuildPhase;
			buildActionMask = 2147483647;
			files = (
				74AC0E5959196440568CFFC8 /* libPods-ShoppingCartDemo.a in Frameworks */,
			);
			runOnlyForDeploymentPostprocessing = 0;
		};
/* End PBXFrameworksBuildPhase section */

/* Begin PBXGroup section */
		220746CF24AC21A500862BAD /* ShoppingCart(购物车) */ = {
			isa = PBXGroup;
			children = (
			);
			name = "ShoppingCart(购物车)";
			sourceTree = "<group>";
		};
		2251094424AB4BA300057BBC = {
			isa = PBXGroup;
			children = (
				2251094F24AB4BA300057BBC /* ShoppingCartDemo */,
				2251094E24AB4BA300057BBC /* Products */,
				B37CB44A3FCA740354200F48 /* Pods */,
				44B6FD518860EAF0A9FA67F5 /* Frameworks */,
			);
			sourceTree = "<group>";
		};
		2251094E24AB4BA300057BBC /* Products */ = {
			isa = PBXGroup;
			children = (
				2251094D24AB4BA300057BBC /* ShoppingCartDemo.app */,
			);
			name = Products;
			sourceTree = "<group>";
		};
		2251094F24AB4BA300057BBC /* ShoppingCartDemo */ = {
			isa = PBXGroup;
			children = (
				22AA78DC24AB525B0093C2EF /* Home(首页) */,
				22AA78DD24AB52690093C2EF /* Search(搜索) */,
				22AA78DE24AB52720093C2EF /* Message(消息) */,
				22AA78DF24AB527B0093C2EF /* Me(我的) */,
				220746CF24AC21A500862BAD /* ShoppingCart(购物车) */,
				22AA78E124AB52AF0093C2EF /* AppDelegate */,
				22AA78E224AB54EB0093C2EF /* LottieJSONFile */,
				22AA78E024AB52AA0093C2EF /* Supporting Files */,
			);
			path = ShoppingCartDemo;
			sourceTree = "<group>";
		};
		22AA78DC24AB525B0093C2EF /* Home(首页) */ = {
			isa = PBXGroup;
			children = (
				22AA78EF24AB96180093C2EF /* HQLMainViewController.h */,
				22AA78F024AB96180093C2EF /* HQLMainViewController.m */,
			);
			name = "Home(首页)";
			sourceTree = "<group>";
		};
		22AA78DD24AB52690093C2EF /* Search(搜索) */ = {
			isa = PBXGroup;
			children = (
				22AA78F224AB96230093C2EF /* HQLSearchViewController.h */,
				22AA78F324AB96230093C2EF /* HQLSearchViewController.m */,
			);
			name = "Search(搜索)";
			sourceTree = "<group>";
		};
		22AA78DE24AB52720093C2EF /* Message(消息) */ = {
			isa = PBXGroup;
			children = (
				22AA78F524AB962D0093C2EF /* HQLMessageViewController.h */,
				22AA78F624AB962D0093C2EF /* HQLMessageViewController.m */,
			);
			name = "Message(消息)";
			sourceTree = "<group>";
		};
		22AA78DF24AB527B0093C2EF /* Me(我的) */ = {
			isa = PBXGroup;
			children = (
				22AA78F824AB963B0093C2EF /* HQLMineViewController.h */,
				22AA78F924AB963B0093C2EF /* HQLMineViewController.m */,
			);
			name = "Me(我的)";
			sourceTree = "<group>";
		};
		22AA78E024AB52AA0093C2EF /* Supporting Files */ = {
			isa = PBXGroup;
			children = (
				2251095C24AB4BA400057BBC /* Assets.xcassets */,
				2251095E24AB4BA400057BBC /* LaunchScreen.storyboard */,
				2251096124AB4BA400057BBC /* Info.plist */,
				2251096224AB4BA400057BBC /* main.m */,
			);
			name = "Supporting Files";
			sourceTree = "<group>";
		};
		22AA78E124AB52AF0093C2EF /* AppDelegate */ = {
			isa = PBXGroup;
			children = (
				2251095024AB4BA300057BBC /* AppDelegate.h */,
				2251095124AB4BA300057BBC /* AppDelegate.m */,
				22AA78FE24ABA8080093C2EF /* AppDelegate+CYLTabBar.h */,
				22AA78FF24ABA8080093C2EF /* AppDelegate+CYLTabBar.m */,
			);
			name = AppDelegate;
			sourceTree = "<group>";
		};
		22AA78E224AB54EB0093C2EF /* LottieJSONFile */ = {
			isa = PBXGroup;
			children = (
				22AA78E424AB54FF0093C2EF /* tab_home_animate.json */,
				22AA78E524AB54FF0093C2EF /* tab_me_animate.json */,
				22AA78E624AB54FF0093C2EF /* tab_message_animate.json */,
				22AA78E324AB54FE0093C2EF /* tab_search_animate.json */,
			);
			name = LottieJSONFile;
			sourceTree = "<group>";
		};
		44B6FD518860EAF0A9FA67F5 /* Frameworks */ = {
			isa = PBXGroup;
			children = (
				7E5B78E3CCE6B298FC1C21AB /* libPods-ShoppingCartDemo.a */,
			);
			name = Frameworks;
			sourceTree = "<group>";
		};
		B37CB44A3FCA740354200F48 /* Pods */ = {
			isa = PBXGroup;
			children = (
				F410CA26FC2A4B11077CE158 /* Pods-ShoppingCartDemo.debug.xcconfig */,
				300948BA570DDA5D679D6269 /* Pods-ShoppingCartDemo.release.xcconfig */,
			);
			path = Pods;
			sourceTree = "<group>";
		};
/* End PBXGroup section */

/* Begin PBXNativeTarget section */
		2251094C24AB4BA300057BBC /* ShoppingCartDemo */ = {
			isa = PBXNativeTarget;
			buildConfigurationList = 2251096624AB4BA400057BBC /* Build configuration list for PBXNativeTarget "ShoppingCartDemo" */;
			buildPhases = (
				48A2A294711F4D247428D474 /* [CP] Check Pods Manifest.lock */,
				2251094924AB4BA300057BBC /* Sources */,
				2251094A24AB4BA300057BBC /* Frameworks */,
				2251094B24AB4BA300057BBC /* Resources */,
				315E82DC7BB670FFC9E061F9 /* [CP] Copy Pods Resources */,
			);
			buildRules = (
			);
			dependencies = (
			);
			name = ShoppingCartDemo;
			productName = ShoppingCartDemo;
			productReference = 2251094D24AB4BA300057BBC /* ShoppingCartDemo.app */;
			productType = "com.apple.product-type.application";
		};
/* End PBXNativeTarget section */

/* Begin PBXProject section */
		2251094524AB4BA300057BBC /* Project object */ = {
			isa = PBXProject;
			attributes = {
				LastUpgradeCheck = 1150;
				ORGANIZATIONNAME = "Shanghai Haidian Information Technology Co.Ltd.";
				TargetAttributes = {
					2251094C24AB4BA300057BBC = {
						CreatedOnToolsVersion = 11.5;
					};
				};
			};
			buildConfigurationList = 2251094824AB4BA300057BBC /* Build configuration list for PBXProject "ShoppingCartDemo" */;
			compatibilityVersion = "Xcode 9.3";
			developmentRegion = en;
			hasScannedForEncodings = 0;
			knownRegions = (
				en,
				Base,
			);
			mainGroup = 2251094424AB4BA300057BBC;
			productRefGroup = 2251094E24AB4BA300057BBC /* Products */;
			projectDirPath = "";
			projectRoot = "";
			targets = (
				2251094C24AB4BA300057BBC /* ShoppingCartDemo */,
			);
		};
/* End PBXProject section */

/* Begin PBXResourcesBuildPhase section */
		2251094B24AB4BA300057BBC /* Resources */ = {
			isa = PBXResourcesBuildPhase;
			buildActionMask = 2147483647;
			files = (
				2251096024AB4BA400057BBC /* LaunchScreen.storyboard in Resources */,
				22AA78E824AB54FF0093C2EF /* tab_home_animate.json in Resources */,
				22AA78E724AB54FF0093C2EF /* tab_search_animate.json in Resources */,
				22AA78E924AB54FF0093C2EF /* tab_me_animate.json in Resources */,
				2251095D24AB4BA400057BBC /* Assets.xcassets in Resources */,
				22AA78EA24AB54FF0093C2EF /* tab_message_animate.json in Resources */,
			);
			runOnlyForDeploymentPostprocessing = 0;
		};
/* End PBXResourcesBuildPhase section */

/* Begin PBXShellScriptBuildPhase section */
		315E82DC7BB670FFC9E061F9 /* [CP] Copy Pods Resources */ = {
			isa = PBXShellScriptBuildPhase;
			buildActionMask = 2147483647;
			files = (
			);
			inputFileListPaths = (
				"${PODS_ROOT}/Target Support Files/Pods-ShoppingCartDemo/Pods-ShoppingCartDemo-resources-${CONFIGURATION}-input-files.xcfilelist",
			);
			name = "[CP] Copy Pods Resources";
			outputFileListPaths = (
				"${PODS_ROOT}/Target Support Files/Pods-ShoppingCartDemo/Pods-ShoppingCartDemo-resources-${CONFIGURATION}-output-files.xcfilelist",
			);
			runOnlyForDeploymentPostprocessing = 0;
			shellPath = /bin/sh;
			shellScript = "\"${PODS_ROOT}/Target Support Files/Pods-ShoppingCartDemo/Pods-ShoppingCartDemo-resources.sh\"\n";
			showEnvVarsInLog = 0;
		};
		48A2A294711F4D247428D474 /* [CP] Check Pods Manifest.lock */ = {
			isa = PBXShellScriptBuildPhase;
			buildActionMask = 2147483647;
			files = (
			);
			inputFileListPaths = (
			);
			inputPaths = (
				"${PODS_PODFILE_DIR_PATH}/Podfile.lock",
				"${PODS_ROOT}/Manifest.lock",
			);
			name = "[CP] Check Pods Manifest.lock";
			outputFileListPaths = (
			);
			outputPaths = (
				"$(DERIVED_FILE_DIR)/Pods-ShoppingCartDemo-checkManifestLockResult.txt",
			);
			runOnlyForDeploymentPostprocessing = 0;
			shellPath = /bin/sh;
			shellScript = "diff \"${PODS_PODFILE_DIR_PATH}/Podfile.lock\" \"${PODS_ROOT}/Manifest.lock\" > /dev/null\nif [ $? != 0 ] ; then\n    # print error to STDERR\n    echo \"error: The sandbox is not in sync with the Podfile.lock. Run 'pod install' or update your CocoaPods installation.\" >&2\n    exit 1\nfi\n# This output is used by Xcode 'outputs' to avoid re-running this script phase.\necho \"SUCCESS\" > \"${SCRIPT_OUTPUT_FILE_0}\"\n";
			showEnvVarsInLog = 0;
		};
/* End PBXShellScriptBuildPhase section */

/* Begin PBXSourcesBuildPhase section */
		2251094924AB4BA300057BBC /* Sources */ = {
			isa = PBXSourcesBuildPhase;
			buildActionMask = 2147483647;
			files = (
				22AA78F424AB96230093C2EF /* HQLSearchViewController.m in Sources */,
				22AA78F124AB96180093C2EF /* HQLMainViewController.m in Sources */,
				2251095224AB4BA300057BBC /* AppDelegate.m in Sources */,
				2251096324AB4BA400057BBC /* main.m in Sources */,
				22AA78F724AB962D0093C2EF /* HQLMessageViewController.m in Sources */,
				22AA790024ABA8080093C2EF /* AppDelegate+CYLTabBar.m in Sources */,
				22AA78FA24AB963B0093C2EF /* HQLMineViewController.m in Sources */,
			);
			runOnlyForDeploymentPostprocessing = 0;
		};
/* End PBXSourcesBuildPhase section */

/* Begin PBXVariantGroup section */
		2251095E24AB4BA400057BBC /* LaunchScreen.storyboard */ = {
			isa = PBXVariantGroup;
			children = (
				2251095F24AB4BA400057BBC /* Base */,
			);
			name = LaunchScreen.storyboard;
			sourceTree = "<group>";
		};
/* End PBXVariantGroup section */

/* Begin XCBuildConfiguration section */
		2251096424AB4BA400057BBC /* Debug */ = {
			isa = XCBuildConfiguration;
			buildSettings = {
				ALWAYS_SEARCH_USER_PATHS = NO;
				CLANG_ANALYZER_NONNULL = YES;
				CLANG_ANALYZER_NUMBER_OBJECT_CONVERSION = YES_AGGRESSIVE;
				CLANG_CXX_LANGUAGE_STANDARD = "gnu++14";
				CLANG_CXX_LIBRARY = "libc++";
				CLANG_ENABLE_MODULES = YES;
				CLANG_ENABLE_OBJC_ARC = YES;
				CLANG_ENABLE_OBJC_WEAK = YES;
				CLANG_WARN_BLOCK_CAPTURE_AUTORELEASING = YES;
				CLANG_WARN_BOOL_CONVERSION = YES;
				CLANG_WARN_COMMA = YES;
				CLANG_WARN_CONSTANT_CONVERSION = YES;
				CLANG_WARN_DEPRECATED_OBJC_IMPLEMENTATIONS = YES;
				CLANG_WARN_DIRECT_OBJC_ISA_USAGE = YES_ERROR;
				CLANG_WARN_DOCUMENTATION_COMMENTS = YES;
				CLANG_WARN_EMPTY_BODY = YES;
				CLANG_WARN_ENUM_CONVERSION = YES;
				CLANG_WARN_INFINITE_RECURSION = YES;
				CLANG_WARN_INT_CONVERSION = YES;
				CLANG_WARN_NON_LITERAL_NULL_CONVERSION = YES;
				CLANG_WARN_OBJC_IMPLICIT_RETAIN_SELF = YES;
				CLANG_WARN_OBJC_LITERAL_CONVERSION = YES;
				CLANG_WARN_OBJC_ROOT_CLASS = YES_ERROR;
				CLANG_WARN_RANGE_LOOP_ANALYSIS = YES;
				CLANG_WARN_STRICT_PROTOTYPES = YES;
				CLANG_WARN_SUSPICIOUS_MOVE = YES;
				CLANG_WARN_UNGUARDED_AVAILABILITY = YES_AGGRESSIVE;
				CLANG_WARN_UNREACHABLE_CODE = YES;
				CLANG_WARN__DUPLICATE_METHOD_MATCH = YES;
				COPY_PHASE_STRIP = NO;
				DEBUG_INFORMATION_FORMAT = dwarf;
				ENABLE_STRICT_OBJC_MSGSEND = YES;
				ENABLE_TESTABILITY = YES;
				GCC_C_LANGUAGE_STANDARD = gnu11;
				GCC_DYNAMIC_NO_PIC = NO;
				GCC_NO_COMMON_BLOCKS = YES;
				GCC_OPTIMIZATION_LEVEL = 0;
				GCC_PREPROCESSOR_DEFINITIONS = (
					"DEBUG=1",
					"$(inherited)",
				);
				GCC_WARN_64_TO_32_BIT_CONVERSION = YES;
				GCC_WARN_ABOUT_RETURN_TYPE = YES_ERROR;
				GCC_WARN_UNDECLARED_SELECTOR = YES;
				GCC_WARN_UNINITIALIZED_AUTOS = YES_AGGRESSIVE;
				GCC_WARN_UNUSED_FUNCTION = YES;
				GCC_WARN_UNUSED_VARIABLE = YES;
				IPHONEOS_DEPLOYMENT_TARGET = 13.5;
				MTL_ENABLE_DEBUG_INFO = INCLUDE_SOURCE;
				MTL_FAST_MATH = YES;
				ONLY_ACTIVE_ARCH = YES;
				SDKROOT = iphoneos;
			};
			name = Debug;
		};
		2251096524AB4BA400057BBC /* Release */ = {
			isa = XCBuildConfiguration;
			buildSettings = {
				ALWAYS_SEARCH_USER_PATHS = NO;
				CLANG_ANALYZER_NONNULL = YES;
				CLANG_ANALYZER_NUMBER_OBJECT_CONVERSION = YES_AGGRESSIVE;
				CLANG_CXX_LANGUAGE_STANDARD = "gnu++14";
				CLANG_CXX_LIBRARY = "libc++";
				CLANG_ENABLE_MODULES = YES;
				CLANG_ENABLE_OBJC_ARC = YES;
				CLANG_ENABLE_OBJC_WEAK = YES;
				CLANG_WARN_BLOCK_CAPTURE_AUTORELEASING = YES;
				CLANG_WARN_BOOL_CONVERSION = YES;
				CLANG_WARN_COMMA = YES;
				CLANG_WARN_CONSTANT_CONVERSION = YES;
				CLANG_WARN_DEPRECATED_OBJC_IMPLEMENTATIONS = YES;
				CLANG_WARN_DIRECT_OBJC_ISA_USAGE = YES_ERROR;
				CLANG_WARN_DOCUMENTATION_COMMENTS = YES;
				CLANG_WARN_EMPTY_BODY = YES;
				CLANG_WARN_ENUM_CONVERSION = YES;
				CLANG_WARN_INFINITE_RECURSION = YES;
				CLANG_WARN_INT_CONVERSION = YES;
				CLANG_WARN_NON_LITERAL_NULL_CONVERSION = YES;
				CLANG_WARN_OBJC_IMPLICIT_RETAIN_SELF = YES;
				CLANG_WARN_OBJC_LITERAL_CONVERSION = YES;
				CLANG_WARN_OBJC_ROOT_CLASS = YES_ERROR;
				CLANG_WARN_RANGE_LOOP_ANALYSIS = YES;
				CLANG_WARN_STRICT_PROTOTYPES = YES;
				CLANG_WARN_SUSPICIOUS_MOVE = YES;
				CLANG_WARN_UNGUARDED_AVAILABILITY = YES_AGGRESSIVE;
				CLANG_WARN_UNREACHABLE_CODE = YES;
				CLANG_WARN__DUPLICATE_METHOD_MATCH = YES;
				COPY_PHASE_STRIP = NO;
				DEBUG_INFORMATION_FORMAT = "dwarf-with-dsym";
				ENABLE_NS_ASSERTIONS = NO;
				ENABLE_STRICT_OBJC_MSGSEND = YES;
				GCC_C_LANGUAGE_STANDARD = gnu11;
				GCC_NO_COMMON_BLOCKS = YES;
				GCC_WARN_64_TO_32_BIT_CONVERSION = YES;
				GCC_WARN_ABOUT_RETURN_TYPE = YES_ERROR;
				GCC_WARN_UNDECLARED_SELECTOR = YES;
				GCC_WARN_UNINITIALIZED_AUTOS = YES_AGGRESSIVE;
				GCC_WARN_UNUSED_FUNCTION = YES;
				GCC_WARN_UNUSED_VARIABLE = YES;
				IPHONEOS_DEPLOYMENT_TARGET = 13.5;
				MTL_ENABLE_DEBUG_INFO = NO;
				MTL_FAST_MATH = YES;
				SDKROOT = iphoneos;
				VALIDATE_PRODUCT = YES;
			};
			name = Release;
		};
		2251096724AB4BA400057BBC /* Debug */ = {
			isa = XCBuildConfiguration;
			baseConfigurationReference = F410CA26FC2A4B11077CE158 /* Pods-ShoppingCartDemo.debug.xcconfig */;
			buildSettings = {
				ASSETCATALOG_COMPILER_APPICON_NAME = AppIcon;
				CODE_SIGN_STYLE = Automatic;
				DEVELOPMENT_TEAM = A8F7U6DN75;
				INFOPLIST_FILE = "$(SRCROOT)/ShoppingCartDemo/Info.plist";
				LD_RUNPATH_SEARCH_PATHS = (
					"$(inherited)",
					"@executable_path/Frameworks",
				);
				PRODUCT_BUNDLE_IDENTIFIER = Haidian.ShoppingCartDemo;
				PRODUCT_NAME = "$(TARGET_NAME)";
				TARGETED_DEVICE_FAMILY = 1;
			};
			name = Debug;
		};
		2251096824AB4BA400057BBC /* Release */ = {
			isa = XCBuildConfiguration;
			baseConfigurationReference = 300948BA570DDA5D679D6269 /* Pods-ShoppingCartDemo.release.xcconfig */;
			buildSettings = {
				ASSETCATALOG_COMPILER_APPICON_NAME = AppIcon;
				CODE_SIGN_STYLE = Automatic;
				DEVELOPMENT_TEAM = A8F7U6DN75;
				INFOPLIST_FILE = "$(SRCROOT)/ShoppingCartDemo/Info.plist";
				LD_RUNPATH_SEARCH_PATHS = (
					"$(inherited)",
					"@executable_path/Frameworks",
				);
				PRODUCT_BUNDLE_IDENTIFIER = Haidian.ShoppingCartDemo;
				PRODUCT_NAME = "$(TARGET_NAME)";
				TARGETED_DEVICE_FAMILY = 1;
			};
			name = Release;
		};
/* End XCBuildConfiguration section */

/* Begin XCConfigurationList section */
		2251094824AB4BA300057BBC /* Build configuration list for PBXProject "ShoppingCartDemo" */ = {
			isa = XCConfigurationList;
			buildConfigurations = (
				2251096424AB4BA400057BBC /* Debug */,
				2251096524AB4BA400057BBC /* Release */,
			);
			defaultConfigurationIsVisible = 0;
			defaultConfigurationName = Release;
		};
		2251096624AB4BA400057BBC /* Build configuration list for PBXNativeTarget "ShoppingCartDemo" */ = {
			isa = XCConfigurationList;
			buildConfigurations = (
				2251096724AB4BA400057BBC /* Debug */,
				2251096824AB4BA400057BBC /* Release */,
			);
			defaultConfigurationIsVisible = 0;
			defaultConfigurationName = Release;
		};
/* End XCConfigurationList section */
	};
	rootObject = 2251094524AB4BA300057BBC /* Project object */;
}
