// !$*UTF8*$!
{
	archiveVersion = 1;
	classes = {
	};
	objectVersion = 51;
	objects = {

/* Begin PBXBuildFile section */
		22092A7024BC38AF00A1C018 /* HQLGroupedArrayDataSource.m in Sources */ = {isa = PBXBuildFile; fileRef = 22092A6424BC38AF00A1C018 /* HQLGroupedArrayDataSource.m */; };
		22092A7124BC38AF00A1C018 /* HQLArrayDataSource.m in Sources */ = {isa = PBXBuildFile; fileRef = 22092A6624BC38AF00A1C018 /* HQLArrayDataSource.m */; };
		22092A7224BC38AF00A1C018 /* UITableViewCell+ConfigureModel.m in Sources */ = {isa = PBXBuildFile; fileRef = 22092A6A24BC38AF00A1C018 /* UITableViewCell+ConfigureModel.m */; };
		22092A7324BC38AF00A1C018 /* HQLTableViewCellStyleDefaultModel.m in Sources */ = {isa = PBXBuildFile; fileRef = 22092A6C24BC38AF00A1C018 /* HQLTableViewCellStyleDefaultModel.m */; };
		22092A7424BC38AF00A1C018 /* HQLTableViewCellGroupedModel.m in Sources */ = {isa = PBXBuildFile; fileRef = 22092A6F24BC38AF00A1C018 /* HQLTableViewCellGroupedModel.m */; };
		22092A7A24BC38C700A1C018 /* mainTableViewTitleModel.plist in Resources */ = {isa = PBXBuildFile; fileRef = 22092A7624BC38C700A1C018 /* mainTableViewTitleModel.plist */; };
		22092A7B24BC38C700A1C018 /* HQLMainTableViewController.m in Sources */ = {isa = PBXBuildFile; fileRef = 22092A7924BC38C700A1C018 /* HQLMainTableViewController.m */; };
		22092A9A24BC4B8C00A1C018 /* HQLShoppingCartViewController.m in Sources */ = {isa = PBXBuildFile; fileRef = 22092A9924BC4B8C00A1C018 /* HQLShoppingCartViewController.m */; };
		22092AA024BC4EA800A1C018 /* HQLShoppingCartCell.m in Sources */ = {isa = PBXBuildFile; fileRef = 22092A9F24BC4EA800A1C018 /* HQLShoppingCartCell.m */; };
		22092AA324BC581400A1C018 /* HQLShoppingCartSettleView.m in Sources */ = {isa = PBXBuildFile; fileRef = 22092AA224BC581400A1C018 /* HQLShoppingCartSettleView.m */; };
		22092AA624BC5ED600A1C018 /* HQLShoppingCartHeaderView.m in Sources */ = {isa = PBXBuildFile; fileRef = 22092AA524BC5ED600A1C018 /* HQLShoppingCartHeaderView.m */; };
		22092AA924BC6B1300A1C018 /* HQLShoppingCartManager.m in Sources */ = {isa = PBXBuildFile; fileRef = 22092AA824BC6B1300A1C018 /* HQLShoppingCartManager.m */; };
		22092AAB24BC6D9F00A1C018 /* shoppingCartGoods.plist in Resources */ = {isa = PBXBuildFile; fileRef = 22092AAA24BC6D9F00A1C018 /* shoppingCartGoods.plist */; };
		22092AAE24BC70B200A1C018 /* HQLStore.m in Sources */ = {isa = PBXBuildFile; fileRef = 22092AAD24BC70B200A1C018 /* HQLStore.m */; };
		22092AB124BC7F6D00A1C018 /* HQLShoppingCartProxy.m in Sources */ = {isa = PBXBuildFile; fileRef = 22092AB024BC7F6D00A1C018 /* HQLShoppingCartProxy.m */; };
		22092AB424BC7F7B00A1C018 /* HQLShoppingCartFormat.m in Sources */ = {isa = PBXBuildFile; fileRef = 22092AB324BC7F7B00A1C018 /* HQLShoppingCartFormat.m */; };
		2251095224AB4BA300057BBC /* AppDelegate.m in Sources */ = {isa = PBXBuildFile; fileRef = 2251095124AB4BA300057BBC /* AppDelegate.m */; };
		2251095D24AB4BA400057BBC /* Assets.xcassets in Resources */ = {isa = PBXBuildFile; fileRef = 2251095C24AB4BA400057BBC /* Assets.xcassets */; };
		2251096024AB4BA400057BBC /* LaunchScreen.storyboard in Resources */ = {isa = PBXBuildFile; fileRef = 2251095E24AB4BA400057BBC /* LaunchScreen.storyboard */; };
		2251096324AB4BA400057BBC /* main.m in Sources */ = {isa = PBXBuildFile; fileRef = 2251096224AB4BA400057BBC /* main.m */; };
		22AA78E724AB54FF0093C2EF /* tab_search_animate.json in Resources */ = {isa = PBXBuildFile; fileRef = 22AA78E324AB54FE0093C2EF /* tab_search_animate.json */; };
		22AA78E824AB54FF0093C2EF /* tab_home_animate.json in Resources */ = {isa = PBXBuildFile; fileRef = 22AA78E424AB54FF0093C2EF /* tab_home_animate.json */; };
		22AA78E924AB54FF0093C2EF /* tab_me_animate.json in Resources */ = {isa = PBXBuildFile; fileRef = 22AA78E524AB54FF0093C2EF /* tab_me_animate.json */; };
		22AA78EA24AB54FF0093C2EF /* tab_message_animate.json in Resources */ = {isa = PBXBuildFile; fileRef = 22AA78E624AB54FF0093C2EF /* tab_message_animate.json */; };
		22AA78F424AB96230093C2EF /* HQLSearchViewController.m in Sources */ = {isa = PBXBuildFile; fileRef = 22AA78F324AB96230093C2EF /* HQLSearchViewController.m */; };
		22AA78F724AB962D0093C2EF /* HQLMessageViewController.m in Sources */ = {isa = PBXBuildFile; fileRef = 22AA78F624AB962D0093C2EF /* HQLMessageViewController.m */; };
		22AA78FA24AB963B0093C2EF /* HQLMineViewController.m in Sources */ = {isa = PBXBuildFile; fileRef = 22AA78F924AB963B0093C2EF /* HQLMineViewController.m */; };
		22AA790024ABA8080093C2EF /* AppDelegate+CYLTabBar.m in Sources */ = {isa = PBXBuildFile; fileRef = 22AA78FF24ABA8080093C2EF /* AppDelegate+CYLTabBar.m */; };
		22C79F4224C04890001FB16E /* UILabel+HQLAttributedText.m in Sources */ = {isa = PBXBuildFile; fileRef = 22C79F4124C04890001FB16E /* UILabel+HQLAttributedText.m */; };
		74AC0E5959196440568CFFC8 /* libPods-ShoppingCartDemo.a in Frameworks */ = {isa = PBXBuildFile; fileRef = 7E5B78E3CCE6B298FC1C21AB /* libPods-ShoppingCartDemo.a */; };
/* End PBXBuildFile section */

/* Begin PBXFileReference section */
		22092A6424BC38AF00A1C018 /* HQLGroupedArrayDataSource.m */ = {isa = PBXFileReference; fileEncoding = 4; lastKnownFileType = sourcecode.c.objc; path = HQLGroupedArrayDataSource.m; sourceTree = "<group>"; };
		22092A6524BC38AF00A1C018 /* HQLArrayDataSource.h */ = {isa = PBXFileReference; fileEncoding = 4; lastKnownFileType = sourcecode.c.h; path = HQLArrayDataSource.h; sourceTree = "<group>"; };
		22092A6624BC38AF00A1C018 /* HQLArrayDataSource.m */ = {isa = PBXFileReference; fileEncoding = 4; lastKnownFileType = sourcecode.c.objc; path = HQLArrayDataSource.m; sourceTree = "<group>"; };
		22092A6724BC38AF00A1C018 /* HQLGroupedArrayDataSource.h */ = {isa = PBXFileReference; fileEncoding = 4; lastKnownFileType = sourcecode.c.h; path = HQLGroupedArrayDataSource.h; sourceTree = "<group>"; };
		22092A6924BC38AF00A1C018 /* UITableViewCell+ConfigureModel.h */ = {isa = PBXFileReference; fileEncoding = 4; lastKnownFileType = sourcecode.c.h; path = "UITableViewCell+ConfigureModel.h"; sourceTree = "<group>"; };
		22092A6A24BC38AF00A1C018 /* UITableViewCell+ConfigureModel.m */ = {isa = PBXFileReference; fileEncoding = 4; lastKnownFileType = sourcecode.c.objc; path = "UITableViewCell+ConfigureModel.m"; sourceTree = "<group>"; };
		22092A6C24BC38AF00A1C018 /* HQLTableViewCellStyleDefaultModel.m */ = {isa = PBXFileReference; fileEncoding = 4; lastKnownFileType = sourcecode.c.objc; path = HQLTableViewCellStyleDefaultModel.m; sourceTree = "<group>"; };
		22092A6D24BC38AF00A1C018 /* HQLTableViewCellGroupedModel.h */ = {isa = PBXFileReference; fileEncoding = 4; lastKnownFileType = sourcecode.c.h; path = HQLTableViewCellGroupedModel.h; sourceTree = "<group>"; };
		22092A6E24BC38AF00A1C018 /* HQLTableViewCellStyleDefaultModel.h */ = {isa = PBXFileReference; fileEncoding = 4; lastKnownFileType = sourcecode.c.h; path = HQLTableViewCellStyleDefaultModel.h; sourceTree = "<group>"; };
		22092A6F24BC38AF00A1C018 /* HQLTableViewCellGroupedModel.m */ = {isa = PBXFileReference; fileEncoding = 4; lastKnownFileType = sourcecode.c.objc; path = HQLTableViewCellGroupedModel.m; sourceTree = "<group>"; };
		22092A7624BC38C700A1C018 /* mainTableViewTitleModel.plist */ = {isa = PBXFileReference; fileEncoding = 4; lastKnownFileType = text.plist.xml; path = mainTableViewTitleModel.plist; sourceTree = "<group>"; };
		22092A7824BC38C700A1C018 /* HQLMainTableViewController.h */ = {isa = PBXFileReference; fileEncoding = 4; lastKnownFileType = sourcecode.c.h; path = HQLMainTableViewController.h; sourceTree = "<group>"; };
		22092A7924BC38C700A1C018 /* HQLMainTableViewController.m */ = {isa = PBXFileReference; fileEncoding = 4; lastKnownFileType = sourcecode.c.objc; path = HQLMainTableViewController.m; sourceTree = "<group>"; };
		22092A9824BC4B8C00A1C018 /* HQLShoppingCartViewController.h */ = {isa = PBXFileReference; lastKnownFileType = sourcecode.c.h; path = HQLShoppingCartViewController.h; sourceTree = "<group>"; };
		22092A9924BC4B8C00A1C018 /* HQLShoppingCartViewController.m */ = {isa = PBXFileReference; lastKnownFileType = sourcecode.c.objc; path = HQLShoppingCartViewController.m; sourceTree = "<group>"; };
		22092A9E24BC4EA800A1C018 /* HQLShoppingCartCell.h */ = {isa = PBXFileReference; lastKnownFileType = sourcecode.c.h; path = HQLShoppingCartCell.h; sourceTree = "<group>"; };
		22092A9F24BC4EA800A1C018 /* HQLShoppingCartCell.m */ = {isa = PBXFileReference; lastKnownFileType = sourcecode.c.objc; path = HQLShoppingCartCell.m; sourceTree = "<group>"; };
		22092AA124BC581400A1C018 /* HQLShoppingCartSettleView.h */ = {isa = PBXFileReference; lastKnownFileType = sourcecode.c.h; path = HQLShoppingCartSettleView.h; sourceTree = "<group>"; };
		22092AA224BC581400A1C018 /* HQLShoppingCartSettleView.m */ = {isa = PBXFileReference; lastKnownFileType = sourcecode.c.objc; path = HQLShoppingCartSettleView.m; sourceTree = "<group>"; };
		22092AA424BC5ED600A1C018 /* HQLShoppingCartHeaderView.h */ = {isa = PBXFileReference; lastKnownFileType = sourcecode.c.h; path = HQLShoppingCartHeaderView.h; sourceTree = "<group>"; };
		22092AA524BC5ED600A1C018 /* HQLShoppingCartHeaderView.m */ = {isa = PBXFileReference; lastKnownFileType = sourcecode.c.objc; path = HQLShoppingCartHeaderView.m; sourceTree = "<group>"; };
		22092AA724BC6B1300A1C018 /* HQLShoppingCartManager.h */ = {isa = PBXFileReference; lastKnownFileType = sourcecode.c.h; path = HQLShoppingCartManager.h; sourceTree = "<group>"; };
		22092AA824BC6B1300A1C018 /* HQLShoppingCartManager.m */ = {isa = PBXFileReference; lastKnownFileType = sourcecode.c.objc; path = HQLShoppingCartManager.m; sourceTree = "<group>"; };
		22092AAA24BC6D9F00A1C018 /* shoppingCartGoods.plist */ = {isa = PBXFileReference; lastKnownFileType = text.plist.xml; path = shoppingCartGoods.plist; sourceTree = "<group>"; };
		22092AAC24BC70B200A1C018 /* HQLStore.h */ = {isa = PBXFileReference; lastKnownFileType = sourcecode.c.h; path = HQLStore.h; sourceTree = "<group>"; };
		22092AAD24BC70B200A1C018 /* HQLStore.m */ = {isa = PBXFileReference; lastKnownFileType = sourcecode.c.objc; path = HQLStore.m; sourceTree = "<group>"; };
		22092AAF24BC7F6D00A1C018 /* HQLShoppingCartProxy.h */ = {isa = PBXFileReference; lastKnownFileType = sourcecode.c.h; path = HQLShoppingCartProxy.h; sourceTree = "<group>"; };
		22092AB024BC7F6D00A1C018 /* HQLShoppingCartProxy.m */ = {isa = PBXFileReference; lastKnownFileType = sourcecode.c.objc; path = HQLShoppingCartProxy.m; sourceTree = "<group>"; };
		22092AB224BC7F7B00A1C018 /* HQLShoppingCartFormat.h */ = {isa = PBXFileReference; lastKnownFileType = sourcecode.c.h; path = HQLShoppingCartFormat.h; sourceTree = "<group>"; };
		22092AB324BC7F7B00A1C018 /* HQLShoppingCartFormat.m */ = {isa = PBXFileReference; lastKnownFileType = sourcecode.c.objc; path = HQLShoppingCartFormat.m; sourceTree = "<group>"; };
		2251094D24AB4BA300057BBC /* ShoppingCartDemo.app */ = {isa = PBXFileReference; explicitFileType = wrapper.application; includeInIndex = 0; path = ShoppingCartDemo.app; sourceTree = BUILT_PRODUCTS_DIR; };
		2251095024AB4BA300057BBC /* AppDelegate.h */ = {isa = PBXFileReference; lastKnownFileType = sourcecode.c.h; path = AppDelegate.h; sourceTree = "<group>"; };
		2251095124AB4BA300057BBC /* AppDelegate.m */ = {isa = PBXFileReference; lastKnownFileType = sourcecode.c.objc; path = AppDelegate.m; sourceTree = "<group>"; };
		2251095C24AB4BA400057BBC /* Assets.xcassets */ = {isa = PBXFileReference; lastKnownFileType = folder.assetcatalog; path = Assets.xcassets; sourceTree = "<group>"; };
		2251095F24AB4BA400057BBC /* Base */ = {isa = PBXFileReference; lastKnownFileType = file.storyboard; name = Base; path = Base.lproj/LaunchScreen.storyboard; sourceTree = "<group>"; };
		2251096124AB4BA400057BBC /* Info.plist */ = {isa = PBXFileReference; lastKnownFileType = text.plist.xml; path = Info.plist; sourceTree = "<group>"; };
		2251096224AB4BA400057BBC /* main.m */ = {isa = PBXFileReference; lastKnownFileType = sourcecode.c.objc; path = main.m; sourceTree = "<group>"; };
		22AA78E324AB54FE0093C2EF /* tab_search_animate.json */ = {isa = PBXFileReference; fileEncoding = 4; lastKnownFileType = text.json; path = tab_search_animate.json; sourceTree = "<group>"; };
		22AA78E424AB54FF0093C2EF /* tab_home_animate.json */ = {isa = PBXFileReference; fileEncoding = 4; lastKnownFileType = text.json; path = tab_home_animate.json; sourceTree = "<group>"; };
		22AA78E524AB54FF0093C2EF /* tab_me_animate.json */ = {isa = PBXFileReference; fileEncoding = 4; lastKnownFileType = text.json; path = tab_me_animate.json; sourceTree = "<group>"; };
		22AA78E624AB54FF0093C2EF /* tab_message_animate.json */ = {isa = PBXFileReference; fileEncoding = 4; lastKnownFileType = text.json; path = tab_message_animate.json; sourceTree = "<group>"; };
		22AA78F224AB96230093C2EF /* HQLSearchViewController.h */ = {isa = PBXFileReference; lastKnownFileType = sourcecode.c.h; path = HQLSearchViewController.h; sourceTree = "<group>"; };
		22AA78F324AB96230093C2EF /* HQLSearchViewController.m */ = {isa = PBXFileReference; lastKnownFileType = sourcecode.c.objc; path = HQLSearchViewController.m; sourceTree = "<group>"; };
		22AA78F524AB962D0093C2EF /* HQLMessageViewController.h */ = {isa = PBXFileReference; lastKnownFileType = sourcecode.c.h; path = HQLMessageViewController.h; sourceTree = "<group>"; };
		22AA78F624AB962D0093C2EF /* HQLMessageViewController.m */ = {isa = PBXFileReference; lastKnownFileType = sourcecode.c.objc; path = HQLMessageViewController.m; sourceTree = "<group>"; };
		22AA78F824AB963B0093C2EF /* HQLMineViewController.h */ = {isa = PBXFileReference; lastKnownFileType = sourcecode.c.h; path = HQLMineViewController.h; sourceTree = "<group>"; };
		22AA78F924AB963B0093C2EF /* HQLMineViewController.m */ = {isa = PBXFileReference; lastKnownFileType = sourcecode.c.objc; path = HQLMineViewController.m; sourceTree = "<group>"; };
		22AA78FE24ABA8080093C2EF /* AppDelegate+CYLTabBar.h */ = {isa = PBXFileReference; lastKnownFileType = sourcecode.c.h; path = "AppDelegate+CYLTabBar.h"; sourceTree = "<group>"; };
		22AA78FF24ABA8080093C2EF /* AppDelegate+CYLTabBar.m */ = {isa = PBXFileReference; lastKnownFileType = sourcecode.c.objc; path = "AppDelegate+CYLTabBar.m"; sourceTree = "<group>"; };
		22C79F4024C04890001FB16E /* UILabel+HQLAttributedText.h */ = {isa = PBXFileReference; fileEncoding = 4; lastKnownFileType = sourcecode.c.h; path = "UILabel+HQLAttributedText.h"; sourceTree = "<group>"; };
		22C79F4124C04890001FB16E /* UILabel+HQLAttributedText.m */ = {isa = PBXFileReference; fileEncoding = 4; lastKnownFileType = sourcecode.c.objc; path = "UILabel+HQLAttributedText.m"; sourceTree = "<group>"; };
		300948BA570DDA5D679D6269 /* Pods-ShoppingCartDemo.release.xcconfig */ = {isa = PBXFileReference; includeInIndex = 1; lastKnownFileType = text.xcconfig; name = "Pods-ShoppingCartDemo.release.xcconfig"; path = "Target Support Files/Pods-ShoppingCartDemo/Pods-ShoppingCartDemo.release.xcconfig"; sourceTree = "<group>"; };
		7E5B78E3CCE6B298FC1C21AB /* libPods-ShoppingCartDemo.a */ = {isa = PBXFileReference; explicitFileType = archive.ar; includeInIndex = 0; path = "libPods-ShoppingCartDemo.a"; sourceTree = BUILT_PRODUCTS_DIR; };
		F410CA26FC2A4B11077CE158 /* Pods-ShoppingCartDemo.debug.xcconfig */ = {isa = PBXFileReference; includeInIndex = 1; lastKnownFileType = text.xcconfig; name = "Pods-ShoppingCartDemo.debug.xcconfig"; path = "Target Support Files/Pods-ShoppingCartDemo/Pods-ShoppingCartDemo.debug.xcconfig"; sourceTree = "<group>"; };
/* End PBXFileReference section */

/* Begin PBXFrameworksBuildPhase section */
		2251094A24AB4BA300057BBC /* Frameworks */ = {
			isa = PBXFrameworksBuildPhase;
			buildActionMask = 2147483647;
			files = (
				74AC0E5959196440568CFFC8 /* libPods-ShoppingCartDemo.a in Frameworks */,
			);
			runOnlyForDeploymentPostprocessing = 0;
		};
/* End PBXFrameworksBuildPhase section */

/* Begin PBXGroup section */
		22092A6224BC38AF00A1C018 /* TableView */ = {
			isa = PBXGroup;
			children = (
				22092A6324BC38AF00A1C018 /* Delegate */,
				22092A6824BC38AF00A1C018 /* Cagegory */,
				22092A6B24BC38AF00A1C018 /* Model */,
			);
			path = TableView;
			sourceTree = "<group>";
		};
		22092A6324BC38AF00A1C018 /* Delegate */ = {
			isa = PBXGroup;
			children = (
				22092A6724BC38AF00A1C018 /* HQLGroupedArrayDataSource.h */,
				22092A6424BC38AF00A1C018 /* HQLGroupedArrayDataSource.m */,
				22092A6524BC38AF00A1C018 /* HQLArrayDataSource.h */,
				22092A6624BC38AF00A1C018 /* HQLArrayDataSource.m */,
			);
			path = Delegate;
			sourceTree = "<group>";
		};
		22092A6824BC38AF00A1C018 /* Cagegory */ = {
			isa = PBXGroup;
			children = (
				22092A6924BC38AF00A1C018 /* UITableViewCell+ConfigureModel.h */,
				22092A6A24BC38AF00A1C018 /* UITableViewCell+ConfigureModel.m */,
			);
			path = Cagegory;
			sourceTree = "<group>";
		};
		22092A6B24BC38AF00A1C018 /* Model */ = {
			isa = PBXGroup;
			children = (
				22092A6E24BC38AF00A1C018 /* HQLTableViewCellStyleDefaultModel.h */,
				22092A6C24BC38AF00A1C018 /* HQLTableViewCellStyleDefaultModel.m */,
				22092A6D24BC38AF00A1C018 /* HQLTableViewCellGroupedModel.h */,
				22092A6F24BC38AF00A1C018 /* HQLTableViewCellGroupedModel.m */,
			);
			path = Model;
			sourceTree = "<group>";
		};
		22092A7524BC38C700A1C018 /* Model */ = {
			isa = PBXGroup;
			children = (
				22092A7624BC38C700A1C018 /* mainTableViewTitleModel.plist */,
			);
			path = Model;
			sourceTree = "<group>";
		};
		22092A7724BC38C700A1C018 /* Controller */ = {
			isa = PBXGroup;
			children = (
				22092A7824BC38C700A1C018 /* HQLMainTableViewController.h */,
				22092A7924BC38C700A1C018 /* HQLMainTableViewController.m */,
			);
			path = Controller;
			sourceTree = "<group>";
		};
		22092A7C24BC393000A1C018 /* Home(首页) */ = {
			isa = PBXGroup;
			children = (
				22092A7724BC38C700A1C018 /* Controller */,
				22092A7524BC38C700A1C018 /* Model */,
			);
			path = "Home(首页)";
			sourceTree = "<group>";
		};
		22092A7D24BC394000A1C018 /* Search(搜索) */ = {
			isa = PBXGroup;
			children = (
				22AA78F224AB96230093C2EF /* HQLSearchViewController.h */,
				22AA78F324AB96230093C2EF /* HQLSearchViewController.m */,
			);
			path = "Search(搜索)";
			sourceTree = "<group>";
		};
		22092A7E24BC394A00A1C018 /* Message(消息) */ = {
			isa = PBXGroup;
			children = (
				22AA78F524AB962D0093C2EF /* HQLMessageViewController.h */,
				22AA78F624AB962D0093C2EF /* HQLMessageViewController.m */,
			);
			path = "Message(消息)";
			sourceTree = "<group>";
		};
		22092A8024BC395D00A1C018 /* Me(我的) */ = {
			isa = PBXGroup;
			children = (
				22AA78F824AB963B0093C2EF /* HQLMineViewController.h */,
				22AA78F924AB963B0093C2EF /* HQLMineViewController.m */,
			);
			path = "Me(我的)";
			sourceTree = "<group>";
		};
		22092A8124BC396B00A1C018 /* ShoppingCart(购物车) */ = {
			isa = PBXGroup;
			children = (
				22092A9724BC4B6A00A1C018 /* Controller */,
				22092A9624BC4B6600A1C018 /* View */,
				22092A9524BC4B6000A1C018 /* Model */,
				22092A9424BC4B4F00A1C018 /* Proxy */,
				22C79F3F24C04876001FB16E /* Category */,
			);
			path = "ShoppingCart(购物车)";
			sourceTree = "<group>";
		};
		22092A8224BC397400A1C018 /* AppDelegate */ = {
			isa = PBXGroup;
			children = (
				2251095024AB4BA300057BBC /* AppDelegate.h */,
				2251095124AB4BA300057BBC /* AppDelegate.m */,
				22AA78FE24ABA8080093C2EF /* AppDelegate+CYLTabBar.h */,
				22AA78FF24ABA8080093C2EF /* AppDelegate+CYLTabBar.m */,
			);
			path = AppDelegate;
			sourceTree = "<group>";
		};
		22092A8324BC398300A1C018 /* LottieJSONFile */ = {
			isa = PBXGroup;
			children = (
				22AA78E424AB54FF0093C2EF /* tab_home_animate.json */,
				22AA78E524AB54FF0093C2EF /* tab_me_animate.json */,
				22AA78E624AB54FF0093C2EF /* tab_message_animate.json */,
				22AA78E324AB54FE0093C2EF /* tab_search_animate.json */,
			);
			path = LottieJSONFile;
			sourceTree = "<group>";
		};
		22092A9424BC4B4F00A1C018 /* Proxy */ = {
			isa = PBXGroup;
			children = (
				22092AAF24BC7F6D00A1C018 /* HQLShoppingCartProxy.h */,
				22092AB024BC7F6D00A1C018 /* HQLShoppingCartProxy.m */,
				22092AB224BC7F7B00A1C018 /* HQLShoppingCartFormat.h */,
				22092AB324BC7F7B00A1C018 /* HQLShoppingCartFormat.m */,
			);
			path = Proxy;
			sourceTree = "<group>";
		};
		22092A9524BC4B6000A1C018 /* Model */ = {
			isa = PBXGroup;
			children = (
				22092AAC24BC70B200A1C018 /* HQLStore.h */,
				22092AAD24BC70B200A1C018 /* HQLStore.m */,
				22092AA724BC6B1300A1C018 /* HQLShoppingCartManager.h */,
				22092AA824BC6B1300A1C018 /* HQLShoppingCartManager.m */,
				22092AAA24BC6D9F00A1C018 /* shoppingCartGoods.plist */,
			);
			path = Model;
			sourceTree = "<group>";
		};
		22092A9624BC4B6600A1C018 /* View */ = {
			isa = PBXGroup;
			children = (
				22092A9E24BC4EA800A1C018 /* HQLShoppingCartCell.h */,
				22092A9F24BC4EA800A1C018 /* HQLShoppingCartCell.m */,
				22092AA424BC5ED600A1C018 /* HQLShoppingCartHeaderView.h */,
				22092AA524BC5ED600A1C018 /* HQLShoppingCartHeaderView.m */,
				22092AA124BC581400A1C018 /* HQLShoppingCartSettleView.h */,
				22092AA224BC581400A1C018 /* HQLShoppingCartSettleView.m */,
			);
			path = View;
			sourceTree = "<group>";
		};
		22092A9724BC4B6A00A1C018 /* Controller */ = {
			isa = PBXGroup;
			children = (
				22092A9824BC4B8C00A1C018 /* HQLShoppingCartViewController.h */,
				22092A9924BC4B8C00A1C018 /* HQLShoppingCartViewController.m */,
			);
			path = Controller;
			sourceTree = "<group>";
		};
		2251094424AB4BA300057BBC = {
			isa = PBXGroup;
			children = (
				2251094F24AB4BA300057BBC /* ShoppingCartDemo */,
				2251094E24AB4BA300057BBC /* Products */,
				B37CB44A3FCA740354200F48 /* Pods */,
				44B6FD518860EAF0A9FA67F5 /* Frameworks */,
			);
			sourceTree = "<group>";
		};
		2251094E24AB4BA300057BBC /* Products */ = {
			isa = PBXGroup;
			children = (
				2251094D24AB4BA300057BBC /* ShoppingCartDemo.app */,
			);
			name = Products;
			sourceTree = "<group>";
		};
		2251094F24AB4BA300057BBC /* ShoppingCartDemo */ = {
			isa = PBXGroup;
			children = (
				22092A7C24BC393000A1C018 /* Home(首页) */,
				22092A7D24BC394000A1C018 /* Search(搜索) */,
				22092A7E24BC394A00A1C018 /* Message(消息) */,
				22092A8024BC395D00A1C018 /* Me(我的) */,
				22092A8124BC396B00A1C018 /* ShoppingCart(购物车) */,
				22092A6224BC38AF00A1C018 /* TableView */,
				22092A8224BC397400A1C018 /* AppDelegate */,
				22092A8324BC398300A1C018 /* LottieJSONFile */,
				22AA78E024AB52AA0093C2EF /* Supporting Files */,
			);
			path = ShoppingCartDemo;
			sourceTree = "<group>";
		};
		22AA78E024AB52AA0093C2EF /* Supporting Files */ = {
			isa = PBXGroup;
			children = (
				2251095C24AB4BA400057BBC /* Assets.xcassets */,
				2251095E24AB4BA400057BBC /* LaunchScreen.storyboard */,
				2251096124AB4BA400057BBC /* Info.plist */,
				2251096224AB4BA400057BBC /* main.m */,
			);
			name = "Supporting Files";
			sourceTree = "<group>";
		};
		22C79F3F24C04876001FB16E /* Category */ = {
			isa = PBXGroup;
			children = (
				22C79F4024C04890001FB16E /* UILabel+HQLAttributedText.h */,
				22C79F4124C04890001FB16E /* UILabel+HQLAttributedText.m */,
			);
			path = Category;
			sourceTree = "<group>";
		};
		44B6FD518860EAF0A9FA67F5 /* Frameworks */ = {
			isa = PBXGroup;
			children = (
				7E5B78E3CCE6B298FC1C21AB /* libPods-ShoppingCartDemo.a */,
			);
			name = Frameworks;
			sourceTree = "<group>";
		};
		B37CB44A3FCA740354200F48 /* Pods */ = {
			isa = PBXGroup;
			children = (
				F410CA26FC2A4B11077CE158 /* Pods-ShoppingCartDemo.debug.xcconfig */,
				300948BA570DDA5D679D6269 /* Pods-ShoppingCartDemo.release.xcconfig */,
			);
			path = Pods;
			sourceTree = "<group>";
		};
/* End PBXGroup section */

/* Begin PBXNativeTarget section */
		2251094C24AB4BA300057BBC /* ShoppingCartDemo */ = {
			isa = PBXNativeTarget;
			buildConfigurationList = 2251096624AB4BA400057BBC /* Build configuration list for PBXNativeTarget "ShoppingCartDemo" */;
			buildPhases = (
				48A2A294711F4D247428D474 /* [CP] Check Pods Manifest.lock */,
				2251094924AB4BA300057BBC /* Sources */,
				2251094A24AB4BA300057BBC /* Frameworks */,
				2251094B24AB4BA300057BBC /* Resources */,
				315E82DC7BB670FFC9E061F9 /* [CP] Copy Pods Resources */,
			);
			buildRules = (
			);
			dependencies = (
			);
			name = ShoppingCartDemo;
			productName = ShoppingCartDemo;
			productReference = 2251094D24AB4BA300057BBC /* ShoppingCartDemo.app */;
			productType = "com.apple.product-type.application";
		};
/* End PBXNativeTarget section */

/* Begin PBXProject section */
		2251094524AB4BA300057BBC /* Project object */ = {
			isa = PBXProject;
			attributes = {
				LastUpgradeCheck = 1150;
				ORGANIZATIONNAME = "Shanghai Haidian Information Technology Co.Ltd.";
				TargetAttributes = {
					2251094C24AB4BA300057BBC = {
						CreatedOnToolsVersion = 11.5;
					};
				};
			};
			buildConfigurationList = 2251094824AB4BA300057BBC /* Build configuration list for PBXProject "ShoppingCartDemo" */;
			compatibilityVersion = "Xcode 9.3";
			developmentRegion = en;
			hasScannedForEncodings = 0;
			knownRegions = (
				en,
				Base,
			);
			mainGroup = 2251094424AB4BA300057BBC;
			productRefGroup = 2251094E24AB4BA300057BBC /* Products */;
			projectDirPath = "";
			projectRoot = "";
			targets = (
				2251094C24AB4BA300057BBC /* ShoppingCartDemo */,
			);
		};
/* End PBXProject section */

/* Begin PBXResourcesBuildPhase section */
		2251094B24AB4BA300057BBC /* Resources */ = {
			isa = PBXResourcesBuildPhase;
			buildActionMask = 2147483647;
			files = (
				22092A7A24BC38C700A1C018 /* mainTableViewTitleModel.plist in Resources */,
				2251096024AB4BA400057BBC /* LaunchScreen.storyboard in Resources */,
				22AA78E824AB54FF0093C2EF /* tab_home_animate.json in Resources */,
				22AA78E724AB54FF0093C2EF /* tab_search_animate.json in Resources */,
				22AA78E924AB54FF0093C2EF /* tab_me_animate.json in Resources */,
				2251095D24AB4BA400057BBC /* Assets.xcassets in Resources */,
				22AA78EA24AB54FF0093C2EF /* tab_message_animate.json in Resources */,
				22092AAB24BC6D9F00A1C018 /* shoppingCartGoods.plist in Resources */,
			);
			runOnlyForDeploymentPostprocessing = 0;
		};
/* End PBXResourcesBuildPhase section */

/* Begin PBXShellScriptBuildPhase section */
		315E82DC7BB670FFC9E061F9 /* [CP] Copy Pods Resources */ = {
			isa = PBXShellScriptBuildPhase;
			buildActionMask = 2147483647;
			files = (
			);
			inputFileListPaths = (
				"${PODS_ROOT}/Target Support Files/Pods-ShoppingCartDemo/Pods-ShoppingCartDemo-resources-${CONFIGURATION}-input-files.xcfilelist",
			);
			name = "[CP] Copy Pods Resources";
			outputFileListPaths = (
				"${PODS_ROOT}/Target Support Files/Pods-ShoppingCartDemo/Pods-ShoppingCartDemo-resources-${CONFIGURATION}-output-files.xcfilelist",
			);
			runOnlyForDeploymentPostprocessing = 0;
			shellPath = /bin/sh;
			shellScript = "\"${PODS_ROOT}/Target Support Files/Pods-ShoppingCartDemo/Pods-ShoppingCartDemo-resources.sh\"\n";
			showEnvVarsInLog = 0;
		};
		48A2A294711F4D247428D474 /* [CP] Check Pods Manifest.lock */ = {
			isa = PBXShellScriptBuildPhase;
			buildActionMask = 2147483647;
			files = (
			);
			inputFileListPaths = (
			);
			inputPaths = (
				"${PODS_PODFILE_DIR_PATH}/Podfile.lock",
				"${PODS_ROOT}/Manifest.lock",
			);
			name = "[CP] Check Pods Manifest.lock";
			outputFileListPaths = (
			);
			outputPaths = (
				"$(DERIVED_FILE_DIR)/Pods-ShoppingCartDemo-checkManifestLockResult.txt",
			);
			runOnlyForDeploymentPostprocessing = 0;
			shellPath = /bin/sh;
			shellScript = "diff \"${PODS_PODFILE_DIR_PATH}/Podfile.lock\" \"${PODS_ROOT}/Manifest.lock\" > /dev/null\nif [ $? != 0 ] ; then\n    # print error to STDERR\n    echo \"error: The sandbox is not in sync with the Podfile.lock. Run 'pod install' or update your CocoaPods installation.\" >&2\n    exit 1\nfi\n# This output is used by Xcode 'outputs' to avoid re-running this script phase.\necho \"SUCCESS\" > \"${SCRIPT_OUTPUT_FILE_0}\"\n";
			showEnvVarsInLog = 0;
		};
/* End PBXShellScriptBuildPhase section */

/* Begin PBXSourcesBuildPhase section */
		2251094924AB4BA300057BBC /* Sources */ = {
			isa = PBXSourcesBuildPhase;
			buildActionMask = 2147483647;
			files = (
				22C79F4224C04890001FB16E /* UILabel+HQLAttributedText.m in Sources */,
				22092A9A24BC4B8C00A1C018 /* HQLShoppingCartViewController.m in Sources */,
				22092A7224BC38AF00A1C018 /* UITableViewCell+ConfigureModel.m in Sources */,
				22092AB424BC7F7B00A1C018 /* HQLShoppingCartFormat.m in Sources */,
				22092AB124BC7F6D00A1C018 /* HQLShoppingCartProxy.m in Sources */,
				22AA78F424AB96230093C2EF /* HQLSearchViewController.m in Sources */,
				22092A7B24BC38C700A1C018 /* HQLMainTableViewController.m in Sources */,
				2251095224AB4BA300057BBC /* AppDelegate.m in Sources */,
				22092A7424BC38AF00A1C018 /* HQLTableViewCellGroupedModel.m in Sources */,
				22092A7324BC38AF00A1C018 /* HQLTableViewCellStyleDefaultModel.m in Sources */,
				22092A7024BC38AF00A1C018 /* HQLGroupedArrayDataSource.m in Sources */,
				22092AAE24BC70B200A1C018 /* HQLStore.m in Sources */,
				22092AA924BC6B1300A1C018 /* HQLShoppingCartManager.m in Sources */,
				22092AA324BC581400A1C018 /* HQLShoppingCartSettleView.m in Sources */,
				22092AA624BC5ED600A1C018 /* HQLShoppingCartHeaderView.m in Sources */,
				22092A7124BC38AF00A1C018 /* HQLArrayDataSource.m in Sources */,
				2251096324AB4BA400057BBC /* main.m in Sources */,
				22AA78F724AB962D0093C2EF /* HQLMessageViewController.m in Sources */,
				22AA790024ABA8080093C2EF /* AppDelegate+CYLTabBar.m in Sources */,
				22AA78FA24AB963B0093C2EF /* HQLMineViewController.m in Sources */,
				22092AA024BC4EA800A1C018 /* HQLShoppingCartCell.m in Sources */,
			);
			runOnlyForDeploymentPostprocessing = 0;
		};
/* End PBXSourcesBuildPhase section */

/* Begin PBXVariantGroup section */
		2251095E24AB4BA400057BBC /* LaunchScreen.storyboard */ = {
			isa = PBXVariantGroup;
			children = (
				2251095F24AB4BA400057BBC /* Base */,
			);
			name = LaunchScreen.storyboard;
			sourceTree = "<group>";
		};
/* End PBXVariantGroup section */

/* Begin XCBuildConfiguration section */
		2251096424AB4BA400057BBC /* Debug */ = {
			isa = XCBuildConfiguration;
			buildSettings = {
				ALWAYS_SEARCH_USER_PATHS = NO;
				CLANG_ANALYZER_NONNULL = YES;
				CLANG_ANALYZER_NUMBER_OBJECT_CONVERSION = YES_AGGRESSIVE;
				CLANG_CXX_LANGUAGE_STANDARD = "gnu++14";
				CLANG_CXX_LIBRARY = "libc++";
				CLANG_ENABLE_MODULES = YES;
				CLANG_ENABLE_OBJC_ARC = YES;
				CLANG_ENABLE_OBJC_WEAK = YES;
				CLANG_WARN_BLOCK_CAPTURE_AUTORELEASING = YES;
				CLANG_WARN_BOOL_CONVERSION = YES;
				CLANG_WARN_COMMA = YES;
				CLANG_WARN_CONSTANT_CONVERSION = YES;
				CLANG_WARN_DEPRECATED_OBJC_IMPLEMENTATIONS = YES;
				CLANG_WARN_DIRECT_OBJC_ISA_USAGE = YES_ERROR;
				CLANG_WARN_DOCUMENTATION_COMMENTS = YES;
				CLANG_WARN_EMPTY_BODY = YES;
				CLANG_WARN_ENUM_CONVERSION = YES;
				CLANG_WARN_INFINITE_RECURSION = YES;
				CLANG_WARN_INT_CONVERSION = YES;
				CLANG_WARN_NON_LITERAL_NULL_CONVERSION = YES;
				CLANG_WARN_OBJC_IMPLICIT_RETAIN_SELF = YES;
				CLANG_WARN_OBJC_LITERAL_CONVERSION = YES;
				CLANG_WARN_OBJC_ROOT_CLASS = YES_ERROR;
				CLANG_WARN_RANGE_LOOP_ANALYSIS = YES;
				CLANG_WARN_STRICT_PROTOTYPES = YES;
				CLANG_WARN_SUSPICIOUS_MOVE = YES;
				CLANG_WARN_UNGUARDED_AVAILABILITY = YES_AGGRESSIVE;
				CLANG_WARN_UNREACHABLE_CODE = YES;
				CLANG_WARN__DUPLICATE_METHOD_MATCH = YES;
				COPY_PHASE_STRIP = NO;
				DEBUG_INFORMATION_FORMAT = dwarf;
				ENABLE_STRICT_OBJC_MSGSEND = YES;
				ENABLE_TESTABILITY = YES;
				GCC_C_LANGUAGE_STANDARD = gnu11;
				GCC_DYNAMIC_NO_PIC = NO;
				GCC_NO_COMMON_BLOCKS = YES;
				GCC_OPTIMIZATION_LEVEL = 0;
				GCC_PREPROCESSOR_DEFINITIONS = (
					"DEBUG=1",
					"$(inherited)",
				);
				GCC_WARN_64_TO_32_BIT_CONVERSION = YES;
				GCC_WARN_ABOUT_RETURN_TYPE = YES_ERROR;
				GCC_WARN_UNDECLARED_SELECTOR = YES;
				GCC_WARN_UNINITIALIZED_AUTOS = YES_AGGRESSIVE;
				GCC_WARN_UNUSED_FUNCTION = YES;
				GCC_WARN_UNUSED_VARIABLE = YES;
				IPHONEOS_DEPLOYMENT_TARGET = 13.5;
				MTL_ENABLE_DEBUG_INFO = INCLUDE_SOURCE;
				MTL_FAST_MATH = YES;
				ONLY_ACTIVE_ARCH = YES;
				SDKROOT = iphoneos;
			};
			name = Debug;
		};
		2251096524AB4BA400057BBC /* Release */ = {
			isa = XCBuildConfiguration;
			buildSettings = {
				ALWAYS_SEARCH_USER_PATHS = NO;
				CLANG_ANALYZER_NONNULL = YES;
				CLANG_ANALYZER_NUMBER_OBJECT_CONVERSION = YES_AGGRESSIVE;
				CLANG_CXX_LANGUAGE_STANDARD = "gnu++14";
				CLANG_CXX_LIBRARY = "libc++";
				CLANG_ENABLE_MODULES = YES;
				CLANG_ENABLE_OBJC_ARC = YES;
				CLANG_ENABLE_OBJC_WEAK = YES;
				CLANG_WARN_BLOCK_CAPTURE_AUTORELEASING = YES;
				CLANG_WARN_BOOL_CONVERSION = YES;
				CLANG_WARN_COMMA = YES;
				CLANG_WARN_CONSTANT_CONVERSION = YES;
				CLANG_WARN_DEPRECATED_OBJC_IMPLEMENTATIONS = YES;
				CLANG_WARN_DIRECT_OBJC_ISA_USAGE = YES_ERROR;
				CLANG_WARN_DOCUMENTATION_COMMENTS = YES;
				CLANG_WARN_EMPTY_BODY = YES;
				CLANG_WARN_ENUM_CONVERSION = YES;
				CLANG_WARN_INFINITE_RECURSION = YES;
				CLANG_WARN_INT_CONVERSION = YES;
				CLANG_WARN_NON_LITERAL_NULL_CONVERSION = YES;
				CLANG_WARN_OBJC_IMPLICIT_RETAIN_SELF = YES;
				CLANG_WARN_OBJC_LITERAL_CONVERSION = YES;
				CLANG_WARN_OBJC_ROOT_CLASS = YES_ERROR;
				CLANG_WARN_RANGE_LOOP_ANALYSIS = YES;
				CLANG_WARN_STRICT_PROTOTYPES = YES;
				CLANG_WARN_SUSPICIOUS_MOVE = YES;
				CLANG_WARN_UNGUARDED_AVAILABILITY = YES_AGGRESSIVE;
				CLANG_WARN_UNREACHABLE_CODE = YES;
				CLANG_WARN__DUPLICATE_METHOD_MATCH = YES;
				COPY_PHASE_STRIP = NO;
				DEBUG_INFORMATION_FORMAT = "dwarf-with-dsym";
				ENABLE_NS_ASSERTIONS = NO;
				ENABLE_STRICT_OBJC_MSGSEND = YES;
				GCC_C_LANGUAGE_STANDARD = gnu11;
				GCC_NO_COMMON_BLOCKS = YES;
				GCC_WARN_64_TO_32_BIT_CONVERSION = YES;
				GCC_WARN_ABOUT_RETURN_TYPE = YES_ERROR;
				GCC_WARN_UNDECLARED_SELECTOR = YES;
				GCC_WARN_UNINITIALIZED_AUTOS = YES_AGGRESSIVE;
				GCC_WARN_UNUSED_FUNCTION = YES;
				GCC_WARN_UNUSED_VARIABLE = YES;
				IPHONEOS_DEPLOYMENT_TARGET = 13.5;
				MTL_ENABLE_DEBUG_INFO = NO;
				MTL_FAST_MATH = YES;
				SDKROOT = iphoneos;
				VALIDATE_PRODUCT = YES;
			};
			name = Release;
		};
		2251096724AB4BA400057BBC /* Debug */ = {
			isa = XCBuildConfiguration;
			baseConfigurationReference = F410CA26FC2A4B11077CE158 /* Pods-ShoppingCartDemo.debug.xcconfig */;
			buildSettings = {
				ASSETCATALOG_COMPILER_APPICON_NAME = AppIcon;
				CODE_SIGN_STYLE = Automatic;
				DEVELOPMENT_TEAM = A8F7U6DN75;
				INFOPLIST_FILE = "$(SRCROOT)/ShoppingCartDemo/Info.plist";
				LD_RUNPATH_SEARCH_PATHS = (
					"$(inherited)",
					"@executable_path/Frameworks",
				);
				PRODUCT_BUNDLE_IDENTIFIER = Haidian.ShoppingCartDemo;
				PRODUCT_NAME = "$(TARGET_NAME)";
				TARGETED_DEVICE_FAMILY = 1;
			};
			name = Debug;
		};
		2251096824AB4BA400057BBC /* Release */ = {
			isa = XCBuildConfiguration;
			baseConfigurationReference = 300948BA570DDA5D679D6269 /* Pods-ShoppingCartDemo.release.xcconfig */;
			buildSettings = {
				ASSETCATALOG_COMPILER_APPICON_NAME = AppIcon;
				CODE_SIGN_STYLE = Automatic;
				DEVELOPMENT_TEAM = A8F7U6DN75;
				INFOPLIST_FILE = "$(SRCROOT)/ShoppingCartDemo/Info.plist";
				LD_RUNPATH_SEARCH_PATHS = (
					"$(inherited)",
					"@executable_path/Frameworks",
				);
				PRODUCT_BUNDLE_IDENTIFIER = Haidian.ShoppingCartDemo;
				PRODUCT_NAME = "$(TARGET_NAME)";
				TARGETED_DEVICE_FAMILY = 1;
			};
			name = Release;
		};
/* End XCBuildConfiguration section */

/* Begin XCConfigurationList section */
		2251094824AB4BA300057BBC /* Build configuration list for PBXProject "ShoppingCartDemo" */ = {
			isa = XCConfigurationList;
			buildConfigurations = (
				2251096424AB4BA400057BBC /* Debug */,
				2251096524AB4BA400057BBC /* Release */,
			);
			defaultConfigurationIsVisible = 0;
			defaultConfigurationName = Release;
		};
		2251096624AB4BA400057BBC /* Build configuration list for PBXNativeTarget "ShoppingCartDemo" */ = {
			isa = XCConfigurationList;
			buildConfigurations = (
				2251096724AB4BA400057BBC /* Debug */,
				2251096824AB4BA400057BBC /* Release */,
			);
			defaultConfigurationIsVisible = 0;
			defaultConfigurationName = Release;
		};
/* End XCConfigurationList section */
	};
	rootObject = 2251094524AB4BA300057BBC /* Project object */;
}
